
Microsoft Visual Studio Solution File, Format Version 12.00
# Visual Studio Version 16
VisualStudioVersion = 16.0.29230.47
MinimumVisualStudioVersion = 10.0.40219.1
Project("{8BC9CEB8-8B4A-11D0-8D11-00A0C91BC942}") = "MathFuncsLib", "MathFuncsLib\MathFuncsLib.vcxproj", "{FAE99177-D591-4359-B7C3-5FE21FC54C0F}"
EndProject
Project("{8BC9CEB8-8B4A-11D0-8D11-00A0C91BC942}") = "MyExecRefsLib", "MyExecRefsLib\MyExecRefsLib.vcxproj", "{B8E6BC1C-F918-4928-97F6-31588F1EE53E}"
EndProject
Global
	GlobalSection(SolutionConfigurationPlatforms) = preSolution
		Debug|x64 = Debug|x64
		Debug|x86 = Debug|x86
		Release|x64 = Release|x64
		Release|x86 = Release|x86
	EndGlobalSection
	GlobalSection(ProjectConfigurationPlatforms) = postSolution
		{FAE99177-D591-4359-B7C3-5FE21FC54C0F}.Debug|x64.ActiveCfg = Debug|x64
		{FAE99177-D591-4359-B7C3-5FE21FC54C0F}.Debug|x64.Build.0 = Debug|x64
		{FAE99177-D591-4359-B7C3-5FE21FC54C0F}.Debug|x86.ActiveCfg = Debug|Win32
		{FAE99177-D591-4359-B7C3-5FE21FC54C0F}.Debug|x86.Build.0 = Debug|Win32
		{FAE99177-D591-4359-B7C3-5FE21FC54C0F}.Release|x64.ActiveCfg = Release|x64
		{FAE99177-D591-4359-B7C3-5FE21FC54C0F}.Release|x64.Build.0 = Release|x64
		{FAE99177-D591-4359-B7C3-5FE21FC54C0F}.Release|x86.ActiveCfg = Release|Win32
		{FAE99177-D591-4359-B7C3-5FE21FC54C0F}.Release|x86.Build.0 = Release|Win32
		{B8E6BC1C-F918-4928-97F6-31588F1EE53E}.Debug|x64.ActiveCfg = Debug|x64
		{B8E6BC1C-F918-4928-97F6-31588F1EE53E}.Debug|x64.Build.0 = Debug|x64
		{B8E6BC1C-F918-4928-97F6-31588F1EE53E}.Debug|x86.ActiveCfg = Debug|Win32
		{B8E6BC1C-F918-4928-97F6-31588F1EE53E}.Debug|x86.Build.0 = Debug|Win32
		{B8E6BC1C-F918-4928-97F6-31588F1EE53E}.Release|x64.ActiveCfg = Release|x64
		{B8E6BC1C-F918-4928-97F6-31588F1EE53E}.Release|x64.Build.0 = Release|x64
		{B8E6BC1C-F918-4928-97F6-31588F1EE53E}.Release|x86.ActiveCfg = Release|Win32
		{B8E6BC1C-F918-4928-97F6-31588F1EE53E}.Release|x86.Build.0 = Release|Win32
	EndGlobalSection
	GlobalSection(SolutionProperties) = preSolution
		HideSolutionNode = FALSE
	EndGlobalSection
	GlobalSection(ExtensibilityGlobals) = postSolution
		SolutionGuid = {9F7282B2-9C50-420F-A035-74499C25B662}
	EndGlobalSection
EndGlobal
